
Microsoft Visual Studio Solution File, Format Version 12.00
# Visual Studio Version 16
VisualStudioVersion = 16.0.31005.135
MinimumVisualStudioVersion = 10.0.40219.1
Project("{FAE04EC0-301F-11D3-BF4B-00C04F79EFBC}") = "RiddleWebApp", "RiddleWebApp\RiddleWebApp.csproj", "{97799F3B-3D55-4806-AED4-C29D179C1F49}"
EndProject
Global
	GlobalSection(SolutionConfigurationPlatforms) = preSolution
		Debug|Any CPU = Debug|Any CPU
		Release|Any CPU = Release|Any CPU
	EndGlobalSection
	GlobalSection(ProjectConfigurationPlatforms) = postSolution
		{97799F3B-3D55-4806-AED4-C29D179C1F49}.Debug|Any CPU.ActiveCfg = Debug|Any CPU
		{97799F3B-3D55-4806-AED4-C29D179C1F49}.Debug|Any CPU.Build.0 = Debug|Any CPU
		{97799F3B-3D55-4806-AED4-C29D179C1F49}.Release|Any CPU.ActiveCfg = Release|Any CPU
		{97799F3B-3D55-4806-AED4-C29D179C1F49}.Release|Any CPU.Build.0 = Release|Any CPU
	EndGlobalSection
	GlobalSection(SolutionProperties) = preSolution
		HideSolutionNode = FALSE
	EndGlobalSection
	GlobalSection(ExtensibilityGlobals) = postSolution
		SolutionGuid = {EEBB8917-A074-4BB8-8E7E-597D9C2326C2}
	EndGlobalSection
EndGlobal
